// !$*UTF8*$!
{
	archiveVersion = 1;
	classes = {
	};
	objectVersion = 50;
	objects = {

/* Begin PBXBuildFile section */
		6369FB1026261DB20038910E /* EventTableViewCell.swift in Sources */ = {isa = PBXBuildFile; fileRef = 6369FB0E26261DB20038910E /* EventTableViewCell.swift */; };
		6369FB1126261DB20038910E /* EventTableViewCell.xib in Resources */ = {isa = PBXBuildFile; fileRef = 6369FB0F26261DB20038910E /* EventTableViewCell.xib */; };
		6369FB132626344B0038910E /* UIImage+loadNetworkImage.swift in Sources */ = {isa = PBXBuildFile; fileRef = 6369FB122626344B0038910E /* UIImage+loadNetworkImage.swift */; };
		6369FB16262637C50038910E /* UIViewController+presentAlert.swift in Sources */ = {isa = PBXBuildFile; fileRef = 6369FB15262637C50038910E /* UIViewController+presentAlert.swift */; };
		63897E16262538E70088E86E /* AppDelegate.swift in Sources */ = {isa = PBXBuildFile; fileRef = 63897E15262538E70088E86E /* AppDelegate.swift */; };
		63897E18262538E70088E86E /* SceneDelegate.swift in Sources */ = {isa = PBXBuildFile; fileRef = 63897E17262538E70088E86E /* SceneDelegate.swift */; };
		63897E1A262538E70088E86E /* MainViewController.swift in Sources */ = {isa = PBXBuildFile; fileRef = 63897E19262538E70088E86E /* MainViewController.swift */; };
		63897E1D262538E70088E86E /* Main.storyboard in Resources */ = {isa = PBXBuildFile; fileRef = 63897E1B262538E70088E86E /* Main.storyboard */; };
		63897E1F262538E90088E86E /* Assets.xcassets in Resources */ = {isa = PBXBuildFile; fileRef = 63897E1E262538E90088E86E /* Assets.xcassets */; };
		63897E22262538E90088E86E /* LaunchScreen.storyboard in Resources */ = {isa = PBXBuildFile; fileRef = 63897E20262538E90088E86E /* LaunchScreen.storyboard */; };
		63897E2B26253A160088E86E /* SeatGeekClient.swift in Sources */ = {isa = PBXBuildFile; fileRef = 63897E2A26253A160088E86E /* SeatGeekClient.swift */; };
		63897E3326253A630088E86E /* FetchRewardsTests.swift in Sources */ = {isa = PBXBuildFile; fileRef = 63897E3226253A630088E86E /* FetchRewardsTests.swift */; };
		63897E3D26253CC00088E86E /* Secrets.swift in Sources */ = {isa = PBXBuildFile; fileRef = 63897E3C26253CC00088E86E /* Secrets.swift */; };
		63897E4426254ED40088E86E /* DateFormatters.swift in Sources */ = {isa = PBXBuildFile; fileRef = 63897E4326254ED40088E86E /* DateFormatters.swift */; };
		63897E4526260EE60088E86E /* Event.swift in Sources */ = {isa = PBXBuildFile; fileRef = 63897E41262541F40088E86E /* Event.swift */; };
		63897E48262615170088E86E /* EventsTableViewController.swift in Sources */ = {isa = PBXBuildFile; fileRef = 63897E47262615170088E86E /* EventsTableViewController.swift */; };
/* End PBXBuildFile section */

/* Begin PBXContainerItemProxy section */
		63897E3526253A630088E86E /* PBXContainerItemProxy */ = {
			isa = PBXContainerItemProxy;
			containerPortal = 63897E0A262538E70088E86E /* Project object */;
			proxyType = 1;
			remoteGlobalIDString = 63897E11262538E70088E86E;
			remoteInfo = FetchRewards;
		};
/* End PBXContainerItemProxy section */

/* Begin PBXFileReference section */
		6369FB0E26261DB20038910E /* EventTableViewCell.swift */ = {isa = PBXFileReference; lastKnownFileType = sourcecode.swift; path = EventTableViewCell.swift; sourceTree = "<group>"; };
		6369FB0F26261DB20038910E /* EventTableViewCell.xib */ = {isa = PBXFileReference; lastKnownFileType = file.xib; path = EventTableViewCell.xib; sourceTree = "<group>"; };
		6369FB122626344B0038910E /* UIImage+loadNetworkImage.swift */ = {isa = PBXFileReference; lastKnownFileType = sourcecode.swift; path = "UIImage+loadNetworkImage.swift"; sourceTree = "<group>"; };
		6369FB15262637C50038910E /* UIViewController+presentAlert.swift */ = {isa = PBXFileReference; lastKnownFileType = sourcecode.swift; path = "UIViewController+presentAlert.swift"; sourceTree = "<group>"; };
		63897E12262538E70088E86E /* FetchRewards.app */ = {isa = PBXFileReference; explicitFileType = wrapper.application; includeInIndex = 0; path = FetchRewards.app; sourceTree = BUILT_PRODUCTS_DIR; };
		63897E15262538E70088E86E /* AppDelegate.swift */ = {isa = PBXFileReference; lastKnownFileType = sourcecode.swift; path = AppDelegate.swift; sourceTree = "<group>"; };
		63897E17262538E70088E86E /* SceneDelegate.swift */ = {isa = PBXFileReference; lastKnownFileType = sourcecode.swift; path = SceneDelegate.swift; sourceTree = "<group>"; };
		63897E19262538E70088E86E /* MainViewController.swift */ = {isa = PBXFileReference; lastKnownFileType = sourcecode.swift; path = MainViewController.swift; sourceTree = "<group>"; };
		63897E1C262538E70088E86E /* Base */ = {isa = PBXFileReference; lastKnownFileType = file.storyboard; name = Base; path = Base.lproj/Main.storyboard; sourceTree = "<group>"; };
		63897E1E262538E90088E86E /* Assets.xcassets */ = {isa = PBXFileReference; lastKnownFileType = folder.assetcatalog; path = Assets.xcassets; sourceTree = "<group>"; };
		63897E21262538E90088E86E /* Base */ = {isa = PBXFileReference; lastKnownFileType = file.storyboard; name = Base; path = Base.lproj/LaunchScreen.storyboard; sourceTree = "<group>"; };
		63897E23262538E90088E86E /* Info.plist */ = {isa = PBXFileReference; lastKnownFileType = text.plist.xml; path = Info.plist; sourceTree = "<group>"; };
		63897E2A26253A160088E86E /* SeatGeekClient.swift */ = {isa = PBXFileReference; lastKnownFileType = sourcecode.swift; path = SeatGeekClient.swift; sourceTree = "<group>"; };
		63897E3026253A630088E86E /* FetchRewardsTests.xctest */ = {isa = PBXFileReference; explicitFileType = wrapper.cfbundle; includeInIndex = 0; path = FetchRewardsTests.xctest; sourceTree = BUILT_PRODUCTS_DIR; };
		63897E3226253A630088E86E /* FetchRewardsTests.swift */ = {isa = PBXFileReference; lastKnownFileType = sourcecode.swift; path = FetchRewardsTests.swift; sourceTree = "<group>"; };
		63897E3426253A630088E86E /* Info.plist */ = {isa = PBXFileReference; lastKnownFileType = text.plist.xml; path = Info.plist; sourceTree = "<group>"; };
		63897E3C26253CC00088E86E /* Secrets.swift */ = {isa = PBXFileReference; lastKnownFileType = sourcecode.swift; path = Secrets.swift; sourceTree = "<group>"; };
		63897E41262541F40088E86E /* Event.swift */ = {isa = PBXFileReference; lastKnownFileType = sourcecode.swift; path = Event.swift; sourceTree = "<group>"; };
		63897E4326254ED40088E86E /* DateFormatters.swift */ = {isa = PBXFileReference; lastKnownFileType = sourcecode.swift; path = DateFormatters.swift; sourceTree = "<group>"; };
		63897E47262615170088E86E /* EventsTableViewController.swift */ = {isa = PBXFileReference; lastKnownFileType = sourcecode.swift; path = EventsTableViewController.swift; sourceTree = "<group>"; };
/* End PBXFileReference section */

/* Begin PBXFrameworksBuildPhase section */
		63897E0F262538E70088E86E /* Frameworks */ = {
			isa = PBXFrameworksBuildPhase;
			buildActionMask = 2147483647;
			files = (
			);
			runOnlyForDeploymentPostprocessing = 0;
		};
		63897E2D26253A630088E86E /* Frameworks */ = {
			isa = PBXFrameworksBuildPhase;
			buildActionMask = 2147483647;
			files = (
			);
			runOnlyForDeploymentPostprocessing = 0;
		};
/* End PBXFrameworksBuildPhase section */

/* Begin PBXGroup section */
		6369FB0726261D280038910E /* Views */ = {
			isa = PBXGroup;
			children = (
				6369FB0E26261DB20038910E /* EventTableViewCell.swift */,
				6369FB0F26261DB20038910E /* EventTableViewCell.xib */,
			);
			path = Views;
			sourceTree = "<group>";
		};
		6369FB14262635000038910E /* Extesions */ = {
			isa = PBXGroup;
			children = (
				63897E4326254ED40088E86E /* DateFormatters.swift */,
				6369FB122626344B0038910E /* UIImage+loadNetworkImage.swift */,
				6369FB15262637C50038910E /* UIViewController+presentAlert.swift */,
			);
			path = Extesions;
			sourceTree = "<group>";
		};
		63897E09262538E70088E86E = {
			isa = PBXGroup;
			children = (
				63897E14262538E70088E86E /* FetchRewards */,
				63897E3126253A630088E86E /* FetchRewardsTests */,
				63897E13262538E70088E86E /* Products */,
			);
			sourceTree = "<group>";
		};
		63897E13262538E70088E86E /* Products */ = {
			isa = PBXGroup;
			children = (
				63897E12262538E70088E86E /* FetchRewards.app */,
				63897E3026253A630088E86E /* FetchRewardsTests.xctest */,
			);
			name = Products;
			sourceTree = "<group>";
		};
		63897E14262538E70088E86E /* FetchRewards */ = {
			isa = PBXGroup;
			children = (
				63897E15262538E70088E86E /* AppDelegate.swift */,
				63897E17262538E70088E86E /* SceneDelegate.swift */,
				63897E3C26253CC00088E86E /* Secrets.swift */,
				6369FB14262635000038910E /* Extesions */,
				63897E40262541CB0088E86E /* Model */,
				63897E29262539FC0088E86E /* Networking */,
				63897E46262614DD0088E86E /* View Controllers */,
				6369FB0726261D280038910E /* Views */,
				63897E1B262538E70088E86E /* Main.storyboard */,
				63897E1E262538E90088E86E /* Assets.xcassets */,
				63897E20262538E90088E86E /* LaunchScreen.storyboard */,
				63897E23262538E90088E86E /* Info.plist */,
			);
			path = FetchRewards;
			sourceTree = "<group>";
		};
		63897E29262539FC0088E86E /* Networking */ = {
			isa = PBXGroup;
			children = (
				63897E2A26253A160088E86E /* SeatGeekClient.swift */,
			);
			path = Networking;
			sourceTree = "<group>";
		};
		63897E3126253A630088E86E /* FetchRewardsTests */ = {
			isa = PBXGroup;
			children = (
				63897E3226253A630088E86E /* FetchRewardsTests.swift */,
				63897E3426253A630088E86E /* Info.plist */,
			);
			path = FetchRewardsTests;
			sourceTree = "<group>";
		};
		63897E40262541CB0088E86E /* Model */ = {
			isa = PBXGroup;
			children = (
				63897E41262541F40088E86E /* Event.swift */,
			);
			path = Model;
			sourceTree = "<group>";
		};
		63897E46262614DD0088E86E /* View Controllers */ = {
			isa = PBXGroup;
			children = (
				63897E19262538E70088E86E /* MainViewController.swift */,
				63897E47262615170088E86E /* EventsTableViewController.swift */,
			);
			path = "View Controllers";
			sourceTree = "<group>";
		};
/* End PBXGroup section */

/* Begin PBXNativeTarget section */
		63897E11262538E70088E86E /* FetchRewards */ = {
			isa = PBXNativeTarget;
			buildConfigurationList = 63897E26262538E90088E86E /* Build configuration list for PBXNativeTarget "FetchRewards" */;
			buildPhases = (
				63897E0E262538E70088E86E /* Sources */,
				63897E0F262538E70088E86E /* Frameworks */,
				63897E10262538E70088E86E /* Resources */,
			);
			buildRules = (
			);
			dependencies = (
			);
			name = FetchRewards;
			productName = FetchRewards;
			productReference = 63897E12262538E70088E86E /* FetchRewards.app */;
			productType = "com.apple.product-type.application";
		};
		63897E2F26253A630088E86E /* FetchRewardsTests */ = {
			isa = PBXNativeTarget;
			buildConfigurationList = 63897E3726253A630088E86E /* Build configuration list for PBXNativeTarget "FetchRewardsTests" */;
			buildPhases = (
				63897E2C26253A630088E86E /* Sources */,
				63897E2D26253A630088E86E /* Frameworks */,
				63897E2E26253A630088E86E /* Resources */,
			);
			buildRules = (
			);
			dependencies = (
				63897E3626253A630088E86E /* PBXTargetDependency */,
			);
			name = FetchRewardsTests;
			productName = FetchRewardsTests;
			productReference = 63897E3026253A630088E86E /* FetchRewardsTests.xctest */;
			productType = "com.apple.product-type.bundle.unit-test";
		};
/* End PBXNativeTarget section */

/* Begin PBXProject section */
		63897E0A262538E70088E86E /* Project object */ = {
			isa = PBXProject;
			attributes = {
				LastSwiftUpdateCheck = 1250;
				LastUpgradeCheck = 1250;
				TargetAttributes = {
					63897E11262538E70088E86E = {
						CreatedOnToolsVersion = 12.5;
					};
					63897E2F26253A630088E86E = {
						CreatedOnToolsVersion = 12.5;
						TestTargetID = 63897E11262538E70088E86E;
					};
				};
			};
			buildConfigurationList = 63897E0D262538E70088E86E /* Build configuration list for PBXProject "FetchRewards" */;
			compatibilityVersion = "Xcode 9.3";
			developmentRegion = en;
			hasScannedForEncodings = 0;
			knownRegions = (
				en,
				Base,
			);
			mainGroup = 63897E09262538E70088E86E;
			productRefGroup = 63897E13262538E70088E86E /* Products */;
			projectDirPath = "";
			projectRoot = "";
			targets = (
				63897E11262538E70088E86E /* FetchRewards */,
				63897E2F26253A630088E86E /* FetchRewardsTests */,
			);
		};
/* End PBXProject section */

/* Begin PBXResourcesBuildPhase section */
		63897E10262538E70088E86E /* Resources */ = {
			isa = PBXResourcesBuildPhase;
			buildActionMask = 2147483647;
			files = (
				6369FB1126261DB20038910E /* EventTableViewCell.xib in Resources */,
				63897E22262538E90088E86E /* LaunchScreen.storyboard in Resources */,
				63897E1F262538E90088E86E /* Assets.xcassets in Resources */,
				63897E1D262538E70088E86E /* Main.storyboard in Resources */,
			);
			runOnlyForDeploymentPostprocessing = 0;
		};
		63897E2E26253A630088E86E /* Resources */ = {
			isa = PBXResourcesBuildPhase;
			buildActionMask = 2147483647;
			files = (
			);
			runOnlyForDeploymentPostprocessing = 0;
		};
/* End PBXResourcesBuildPhase section */

/* Begin PBXSourcesBuildPhase section */
		63897E0E262538E70088E86E /* Sources */ = {
			isa = PBXSourcesBuildPhase;
			buildActionMask = 2147483647;
			files = (
				6369FB1026261DB20038910E /* EventTableViewCell.swift in Sources */,
				63897E4526260EE60088E86E /* Event.swift in Sources */,
				63897E3D26253CC00088E86E /* Secrets.swift in Sources */,
				63897E4426254ED40088E86E /* DateFormatters.swift in Sources */,
				63897E1A262538E70088E86E /* MainViewController.swift in Sources */,
				6369FB132626344B0038910E /* UIImage+loadNetworkImage.swift in Sources */,
				63897E16262538E70088E86E /* AppDelegate.swift in Sources */,
				63897E18262538E70088E86E /* SceneDelegate.swift in Sources */,
				63897E48262615170088E86E /* EventsTableViewController.swift in Sources */,
				6369FB16262637C50038910E /* UIViewController+presentAlert.swift in Sources */,
				63897E2B26253A160088E86E /* SeatGeekClient.swift in Sources */,
			);
			runOnlyForDeploymentPostprocessing = 0;
		};
		63897E2C26253A630088E86E /* Sources */ = {
			isa = PBXSourcesBuildPhase;
			buildActionMask = 2147483647;
			files = (
				63897E3326253A630088E86E /* FetchRewardsTests.swift in Sources */,
			);
			runOnlyForDeploymentPostprocessing = 0;
		};
/* End PBXSourcesBuildPhase section */

/* Begin PBXTargetDependency section */
		63897E3626253A630088E86E /* PBXTargetDependency */ = {
			isa = PBXTargetDependency;
			target = 63897E11262538E70088E86E /* FetchRewards */;
			targetProxy = 63897E3526253A630088E86E /* PBXContainerItemProxy */;
		};
/* End PBXTargetDependency section */

/* Begin PBXVariantGroup section */
		63897E1B262538E70088E86E /* Main.storyboard */ = {
			isa = PBXVariantGroup;
			children = (
				63897E1C262538E70088E86E /* Base */,
			);
			name = Main.storyboard;
			sourceTree = "<group>";
		};
		63897E20262538E90088E86E /* LaunchScreen.storyboard */ = {
			isa = PBXVariantGroup;
			children = (
				63897E21262538E90088E86E /* Base */,
			);
			name = LaunchScreen.storyboard;
			sourceTree = "<group>";
		};
/* End PBXVariantGroup section */

/* Begin XCBuildConfiguration section */
		63897E24262538E90088E86E /* Debug */ = {
			isa = XCBuildConfiguration;
			buildSettings = {
				ALWAYS_SEARCH_USER_PATHS = NO;
				CLANG_ANALYZER_NONNULL = YES;
				CLANG_ANALYZER_NUMBER_OBJECT_CONVERSION = YES_AGGRESSIVE;
				CLANG_CXX_LANGUAGE_STANDARD = "gnu++14";
				CLANG_CXX_LIBRARY = "libc++";
				CLANG_ENABLE_MODULES = YES;
				CLANG_ENABLE_OBJC_ARC = YES;
				CLANG_ENABLE_OBJC_WEAK = YES;
				CLANG_WARN_BLOCK_CAPTURE_AUTORELEASING = YES;
				CLANG_WARN_BOOL_CONVERSION = YES;
				CLANG_WARN_COMMA = YES;
				CLANG_WARN_CONSTANT_CONVERSION = YES;
				CLANG_WARN_DEPRECATED_OBJC_IMPLEMENTATIONS = YES;
				CLANG_WARN_DIRECT_OBJC_ISA_USAGE = YES_ERROR;
				CLANG_WARN_DOCUMENTATION_COMMENTS = YES;
				CLANG_WARN_EMPTY_BODY = YES;
				CLANG_WARN_ENUM_CONVERSION = YES;
				CLANG_WARN_INFINITE_RECURSION = YES;
				CLANG_WARN_INT_CONVERSION = YES;
				CLANG_WARN_NON_LITERAL_NULL_CONVERSION = YES;
				CLANG_WARN_OBJC_IMPLICIT_RETAIN_SELF = YES;
				CLANG_WARN_OBJC_LITERAL_CONVERSION = YES;
				CLANG_WARN_OBJC_ROOT_CLASS = YES_ERROR;
				CLANG_WARN_QUOTED_INCLUDE_IN_FRAMEWORK_HEADER = YES;
				CLANG_WARN_RANGE_LOOP_ANALYSIS = YES;
				CLANG_WARN_STRICT_PROTOTYPES = YES;
				CLANG_WARN_SUSPICIOUS_MOVE = YES;
				CLANG_WARN_UNGUARDED_AVAILABILITY = YES_AGGRESSIVE;
				CLANG_WARN_UNREACHABLE_CODE = YES;
				CLANG_WARN__DUPLICATE_METHOD_MATCH = YES;
				COPY_PHASE_STRIP = NO;
				DEBUG_INFORMATION_FORMAT = dwarf;
				ENABLE_STRICT_OBJC_MSGSEND = YES;
				ENABLE_TESTABILITY = YES;
				GCC_C_LANGUAGE_STANDARD = gnu11;
				GCC_DYNAMIC_NO_PIC = NO;
				GCC_NO_COMMON_BLOCKS = YES;
				GCC_OPTIMIZATION_LEVEL = 0;
				GCC_PREPROCESSOR_DEFINITIONS = (
					"DEBUG=1",
					"$(inherited)",
				);
				GCC_WARN_64_TO_32_BIT_CONVERSION = YES;
				GCC_WARN_ABOUT_RETURN_TYPE = YES_ERROR;
				GCC_WARN_UNDECLARED_SELECTOR = YES;
				GCC_WARN_UNINITIALIZED_AUTOS = YES_AGGRESSIVE;
				GCC_WARN_UNUSED_FUNCTION = YES;
				GCC_WARN_UNUSED_VARIABLE = YES;
				IPHONEOS_DEPLOYMENT_TARGET = 14.5;
				MTL_ENABLE_DEBUG_INFO = INCLUDE_SOURCE;
				MTL_FAST_MATH = YES;
				ONLY_ACTIVE_ARCH = YES;
				SDKROOT = iphoneos;
				SWIFT_ACTIVE_COMPILATION_CONDITIONS = DEBUG;
				SWIFT_OPTIMIZATION_LEVEL = "-Onone";
			};
			name = Debug;
		};
		63897E25262538E90088E86E /* Release */ = {
			isa = XCBuildConfiguration;
			buildSettings = {
				ALWAYS_SEARCH_USER_PATHS = NO;
				CLANG_ANALYZER_NONNULL = YES;
				CLANG_ANALYZER_NUMBER_OBJECT_CONVERSION = YES_AGGRESSIVE;
				CLANG_CXX_LANGUAGE_STANDARD = "gnu++14";
				CLANG_CXX_LIBRARY = "libc++";
				CLANG_ENABLE_MODULES = YES;
				CLANG_ENABLE_OBJC_ARC = YES;
				CLANG_ENABLE_OBJC_WEAK = YES;
				CLANG_WARN_BLOCK_CAPTURE_AUTORELEASING = YES;
				CLANG_WARN_BOOL_CONVERSION = YES;
				CLANG_WARN_COMMA = YES;
				CLANG_WARN_CONSTANT_CONVERSION = YES;
				CLANG_WARN_DEPRECATED_OBJC_IMPLEMENTATIONS = YES;
				CLANG_WARN_DIRECT_OBJC_ISA_USAGE = YES_ERROR;
				CLANG_WARN_DOCUMENTATION_COMMENTS = YES;
				CLANG_WARN_EMPTY_BODY = YES;
				CLANG_WARN_ENUM_CONVERSION = YES;
				CLANG_WARN_INFINITE_RECURSION = YES;
				CLANG_WARN_INT_CONVERSION = YES;
				CLANG_WARN_NON_LITERAL_NULL_CONVERSION = YES;
				CLANG_WARN_OBJC_IMPLICIT_RETAIN_SELF = YES;
				CLANG_WARN_OBJC_LITERAL_CONVERSION = YES;
				CLANG_WARN_OBJC_ROOT_CLASS = YES_ERROR;
				CLANG_WARN_QUOTED_INCLUDE_IN_FRAMEWORK_HEADER = YES;
				CLANG_WARN_RANGE_LOOP_ANALYSIS = YES;
				CLANG_WARN_STRICT_PROTOTYPES = YES;
				CLANG_WARN_SUSPICIOUS_MOVE = YES;
				CLANG_WARN_UNGUARDED_AVAILABILITY = YES_AGGRESSIVE;
				CLANG_WARN_UNREACHABLE_CODE = YES;
				CLANG_WARN__DUPLICATE_METHOD_MATCH = YES;
				COPY_PHASE_STRIP = NO;
				DEBUG_INFORMATION_FORMAT = "dwarf-with-dsym";
				ENABLE_NS_ASSERTIONS = NO;
				ENABLE_STRICT_OBJC_MSGSEND = YES;
				GCC_C_LANGUAGE_STANDARD = gnu11;
				GCC_NO_COMMON_BLOCKS = YES;
				GCC_WARN_64_TO_32_BIT_CONVERSION = YES;
				GCC_WARN_ABOUT_RETURN_TYPE = YES_ERROR;
				GCC_WARN_UNDECLARED_SELECTOR = YES;
				GCC_WARN_UNINITIALIZED_AUTOS = YES_AGGRESSIVE;
				GCC_WARN_UNUSED_FUNCTION = YES;
				GCC_WARN_UNUSED_VARIABLE = YES;
				IPHONEOS_DEPLOYMENT_TARGET = 14.5;
				MTL_ENABLE_DEBUG_INFO = NO;
				MTL_FAST_MATH = YES;
				SDKROOT = iphoneos;
				SWIFT_COMPILATION_MODE = wholemodule;
				SWIFT_OPTIMIZATION_LEVEL = "-O";
				VALIDATE_PRODUCT = YES;
			};
			name = Release;
		};
		63897E27262538E90088E86E /* Debug */ = {
			isa = XCBuildConfiguration;
			buildSettings = {
				ASSETCATALOG_COMPILER_APPICON_NAME = AppIcon;
				ASSETCATALOG_COMPILER_GLOBAL_ACCENT_COLOR_NAME = AccentColor;
				CODE_SIGN_STYLE = Automatic;
				DEVELOPMENT_TEAM = Q9M64Q4ZZ7;
				INFOPLIST_FILE = FetchRewards/Info.plist;
				LD_RUNPATH_SEARCH_PATHS = (
					"$(inherited)",
					"@executable_path/Frameworks",
				);
				PRODUCT_BUNDLE_IDENTIFIER = com.chadparker.FetchRewards;
				PRODUCT_NAME = "$(TARGET_NAME)";
				SWIFT_VERSION = 5.0;
				TARGETED_DEVICE_FAMILY = "1,2";
			};
			name = Debug;
		};
		63897E28262538E90088E86E /* Release */ = {
			isa = XCBuildConfiguration;
			buildSettings = {
				ASSETCATALOG_COMPILER_APPICON_NAME = AppIcon;
				ASSETCATALOG_COMPILER_GLOBAL_ACCENT_COLOR_NAME = AccentColor;
				CODE_SIGN_STYLE = Automatic;
				DEVELOPMENT_TEAM = Q9M64Q4ZZ7;
				INFOPLIST_FILE = FetchRewards/Info.plist;
				LD_RUNPATH_SEARCH_PATHS = (
					"$(inherited)",
					"@executable_path/Frameworks",
				);
				PRODUCT_BUNDLE_IDENTIFIER = com.chadparker.FetchRewards;
				PRODUCT_NAME = "$(TARGET_NAME)";
				SWIFT_VERSION = 5.0;
				TARGETED_DEVICE_FAMILY = "1,2";
			};
			name = Release;
		};
		63897E3826253A630088E86E /* Debug */ = {
			isa = XCBuildConfiguration;
			buildSettings = {
				BUNDLE_LOADER = "$(TEST_HOST)";
				CODE_SIGN_STYLE = Automatic;
				DEVELOPMENT_TEAM = Q9M64Q4ZZ7;
				INFOPLIST_FILE = FetchRewardsTests/Info.plist;
				LD_RUNPATH_SEARCH_PATHS = (
					"$(inherited)",
					"@executable_path/Frameworks",
					"@loader_path/Frameworks",
				);
				PRODUCT_BUNDLE_IDENTIFIER = com.chadparker.FetchRewardsTests;
				PRODUCT_NAME = "$(TARGET_NAME)";
				SWIFT_VERSION = 5.0;
				TARGETED_DEVICE_FAMILY = "1,2";
				TEST_HOST = "$(BUILT_PRODUCTS_DIR)/FetchRewards.app/FetchRewards";
			};
			name = Debug;
		};
		63897E3926253A630088E86E /* Release */ = {
			isa = XCBuildConfiguration;
			buildSettings = {
				BUNDLE_LOADER = "$(TEST_HOST)";
				CODE_SIGN_STYLE = Automatic;
				DEVELOPMENT_TEAM = Q9M64Q4ZZ7;
				INFOPLIST_FILE = FetchRewardsTests/Info.plist;
				LD_RUNPATH_SEARCH_PATHS = (
					"$(inherited)",
					"@executable_path/Frameworks",
					"@loader_path/Frameworks",
				);
				PRODUCT_BUNDLE_IDENTIFIER = com.chadparker.FetchRewardsTests;
				PRODUCT_NAME = "$(TARGET_NAME)";
				SWIFT_VERSION = 5.0;
				TARGETED_DEVICE_FAMILY = "1,2";
				TEST_HOST = "$(BUILT_PRODUCTS_DIR)/FetchRewards.app/FetchRewards";
			};
			name = Release;
		};
/* End XCBuildConfiguration section */

/* Begin XCConfigurationList section */
		63897E0D262538E70088E86E /* Build configuration list for PBXProject "FetchRewards" */ = {
			isa = XCConfigurationList;
			buildConfigurations = (
				63897E24262538E90088E86E /* Debug */,
				63897E25262538E90088E86E /* Release */,
			);
			defaultConfigurationIsVisible = 0;
			defaultConfigurationName = Release;
		};
		63897E26262538E90088E86E /* Build configuration list for PBXNativeTarget "FetchRewards" */ = {
			isa = XCConfigurationList;
			buildConfigurations = (
				63897E27262538E90088E86E /* Debug */,
				63897E28262538E90088E86E /* Release */,
			);
			defaultConfigurationIsVisible = 0;
			defaultConfigurationName = Release;
		};
		63897E3726253A630088E86E /* Build configuration list for PBXNativeTarget "FetchRewardsTests" */ = {
			isa = XCConfigurationList;
			buildConfigurations = (
				63897E3826253A630088E86E /* Debug */,
				63897E3926253A630088E86E /* Release */,
			);
			defaultConfigurationIsVisible = 0;
			defaultConfigurationName = Release;
		};
/* End XCConfigurationList section */
	};
	rootObject = 63897E0A262538E70088E86E /* Project object */;
}
